// !$*UTF8*$!
{
	archiveVersion = 1;
	classes = {
	};
	objectVersion = 46;
	objects = {

/* Begin PBXBuildFile section */
		1C25D3A5177BB72800F7C10D /* HTMLTreeConstructionTestUtilities.m in Sources */ = {isa = PBXBuildFile; fileRef = 1C25D3A4177BB72800F7C10D /* HTMLTreeConstructionTestUtilities.m */; };
		1C25D3A8177BB78600F7C10D /* HTMLDocument.m in Sources */ = {isa = PBXBuildFile; fileRef = 1C25D3A7177BB78600F7C10D /* HTMLDocument.m */; };
		1C25D3D7177BB8C400F7C10D /* TreeGenerationAdoption01Tests.m in Sources */ = {isa = PBXBuildFile; fileRef = 1C25D3A9177BB8C300F7C10D /* TreeGenerationAdoption01Tests.m */; };
		1C25D3D8177BB8C400F7C10D /* TreeGenerationAdoption02Tests.m in Sources */ = {isa = PBXBuildFile; fileRef = 1C25D3AA177BB8C300F7C10D /* TreeGenerationAdoption02Tests.m */; };
		1C25D3D9177BB8C400F7C10D /* TreeGenerationComments01Tests.m in Sources */ = {isa = PBXBuildFile; fileRef = 1C25D3AB177BB8C300F7C10D /* TreeGenerationComments01Tests.m */; };
		1C25D3DA177BB8C400F7C10D /* TreeGenerationDoctype01Tests.m in Sources */ = {isa = PBXBuildFile; fileRef = 1C25D3AC177BB8C300F7C10D /* TreeGenerationDoctype01Tests.m */; };
		1C25D3DB177BB8C400F7C10D /* TreeGenerationDomjsUnsafeTests.m in Sources */ = {isa = PBXBuildFile; fileRef = 1C25D3AD177BB8C300F7C10D /* TreeGenerationDomjsUnsafeTests.m */; };
		1C25D3DC177BB8C400F7C10D /* TreeGenerationEntities01Tests.m in Sources */ = {isa = PBXBuildFile; fileRef = 1C25D3AE177BB8C300F7C10D /* TreeGenerationEntities01Tests.m */; };
		1C25D3DD177BB8C400F7C10D /* TreeGenerationEntities02Tests.m in Sources */ = {isa = PBXBuildFile; fileRef = 1C25D3AF177BB8C300F7C10D /* TreeGenerationEntities02Tests.m */; };
		1C25D3DE177BB8C400F7C10D /* TreeGenerationHtml5testComTests.m in Sources */ = {isa = PBXBuildFile; fileRef = 1C25D3B0177BB8C300F7C10D /* TreeGenerationHtml5testComTests.m */; };
		1C25D3DF177BB8C400F7C10D /* TreeGenerationInbody01Tests.m in Sources */ = {isa = PBXBuildFile; fileRef = 1C25D3B1177BB8C300F7C10D /* TreeGenerationInbody01Tests.m */; };
		1C25D3E0177BB8C400F7C10D /* TreeGenerationIsindexTests.m in Sources */ = {isa = PBXBuildFile; fileRef = 1C25D3B2177BB8C300F7C10D /* TreeGenerationIsindexTests.m */; };
		1C25D3E1177BB8C400F7C10D /* TreeGenerationMainElementTests.m in Sources */ = {isa = PBXBuildFile; fileRef = 1C25D3B3177BB8C300F7C10D /* TreeGenerationMainElementTests.m */; };
		1C25D3E2177BB8C400F7C10D /* TreeGenerationPendingSpecChangesPlainTextUnsafeTests.m in Sources */ = {isa = PBXBuildFile; fileRef = 1C25D3B4177BB8C300F7C10D /* TreeGenerationPendingSpecChangesPlainTextUnsafeTests.m */; };
		1C25D3E3177BB8C400F7C10D /* TreeGenerationPendingSpecChangesTests.m in Sources */ = {isa = PBXBuildFile; fileRef = 1C25D3B5177BB8C300F7C10D /* TreeGenerationPendingSpecChangesTests.m */; };
		1C25D3E4177BB8C400F7C10D /* TreeGenerationPlainTextUnsafeTests.m in Sources */ = {isa = PBXBuildFile; fileRef = 1C25D3B6177BB8C300F7C10D /* TreeGenerationPlainTextUnsafeTests.m */; };
		1C25D3E5177BB8C400F7C10D /* TreeGenerationScriptdata01Tests.m in Sources */ = {isa = PBXBuildFile; fileRef = 1C25D3B7177BB8C300F7C10D /* TreeGenerationScriptdata01Tests.m */; };
		1C25D3E6177BB8C400F7C10D /* TreeGenerationTables01Tests.m in Sources */ = {isa = PBXBuildFile; fileRef = 1C25D3B8177BB8C300F7C10D /* TreeGenerationTables01Tests.m */; };
		1C25D3E7177BB8C400F7C10D /* TreeGenerationTemplateTests.m in Sources */ = {isa = PBXBuildFile; fileRef = 1C25D3B9177BB8C300F7C10D /* TreeGenerationTemplateTests.m */; };
		1C25D3E8177BB8C400F7C10D /* TreeGenerationTests01Tests.m in Sources */ = {isa = PBXBuildFile; fileRef = 1C25D3BA177BB8C300F7C10D /* TreeGenerationTests01Tests.m */; };
		1C25D3E9177BB8C400F7C10D /* TreeGenerationTests02Tests.m in Sources */ = {isa = PBXBuildFile; fileRef = 1C25D3BB177BB8C300F7C10D /* TreeGenerationTests02Tests.m */; };
		1C25D3EA177BB8C400F7C10D /* TreeGenerationTests03Tests.m in Sources */ = {isa = PBXBuildFile; fileRef = 1C25D3BC177BB8C300F7C10D /* TreeGenerationTests03Tests.m */; };
		1C25D3EB177BB8C400F7C10D /* TreeGenerationTests04Tests.m in Sources */ = {isa = PBXBuildFile; fileRef = 1C25D3BD177BB8C300F7C10D /* TreeGenerationTests04Tests.m */; };
		1C25D3EC177BB8C400F7C10D /* TreeGenerationTests05Tests.m in Sources */ = {isa = PBXBuildFile; fileRef = 1C25D3BE177BB8C400F7C10D /* TreeGenerationTests05Tests.m */; };
		1C25D3ED177BB8C400F7C10D /* TreeGenerationTests06Tests.m in Sources */ = {isa = PBXBuildFile; fileRef = 1C25D3BF177BB8C400F7C10D /* TreeGenerationTests06Tests.m */; };
		1C25D3EE177BB8C400F7C10D /* TreeGenerationTests07Tests.m in Sources */ = {isa = PBXBuildFile; fileRef = 1C25D3C0177BB8C400F7C10D /* TreeGenerationTests07Tests.m */; };
		1C25D3EF177BB8C400F7C10D /* TreeGenerationTests08Tests.m in Sources */ = {isa = PBXBuildFile; fileRef = 1C25D3C1177BB8C400F7C10D /* TreeGenerationTests08Tests.m */; };
		1C25D3F0177BB8C400F7C10D /* TreeGenerationTests09Tests.m in Sources */ = {isa = PBXBuildFile; fileRef = 1C25D3C2177BB8C400F7C10D /* TreeGenerationTests09Tests.m */; };
		1C25D3F1177BB8C400F7C10D /* TreeGenerationTests10Tests.m in Sources */ = {isa = PBXBuildFile; fileRef = 1C25D3C3177BB8C400F7C10D /* TreeGenerationTests10Tests.m */; };
		1C25D3F2177BB8C400F7C10D /* TreeGenerationTests11Tests.m in Sources */ = {isa = PBXBuildFile; fileRef = 1C25D3C4177BB8C400F7C10D /* TreeGenerationTests11Tests.m */; };
		1C25D3F3177BB8C400F7C10D /* TreeGenerationTests12Tests.m in Sources */ = {isa = PBXBuildFile; fileRef = 1C25D3C5177BB8C400F7C10D /* TreeGenerationTests12Tests.m */; };
		1C25D3F4177BB8C400F7C10D /* TreeGenerationTests14Tests.m in Sources */ = {isa = PBXBuildFile; fileRef = 1C25D3C6177BB8C400F7C10D /* TreeGenerationTests14Tests.m */; };
		1C25D3F5177BB8C400F7C10D /* TreeGenerationTests15Tests.m in Sources */ = {isa = PBXBuildFile; fileRef = 1C25D3C7177BB8C400F7C10D /* TreeGenerationTests15Tests.m */; };
		1C25D3F6177BB8C400F7C10D /* TreeGenerationTests16Tests.m in Sources */ = {isa = PBXBuildFile; fileRef = 1C25D3C8177BB8C400F7C10D /* TreeGenerationTests16Tests.m */; };
		1C25D3F7177BB8C400F7C10D /* TreeGenerationTests17Tests.m in Sources */ = {isa = PBXBuildFile; fileRef = 1C25D3C9177BB8C400F7C10D /* TreeGenerationTests17Tests.m */; };
		1C25D3F8177BB8C400F7C10D /* TreeGenerationTests18Tests.m in Sources */ = {isa = PBXBuildFile; fileRef = 1C25D3CA177BB8C400F7C10D /* TreeGenerationTests18Tests.m */; };
		1C25D3F9177BB8C400F7C10D /* TreeGenerationTests19Tests.m in Sources */ = {isa = PBXBuildFile; fileRef = 1C25D3CB177BB8C400F7C10D /* TreeGenerationTests19Tests.m */; };
		1C25D3FA177BB8C400F7C10D /* TreeGenerationTests20Tests.m in Sources */ = {isa = PBXBuildFile; fileRef = 1C25D3CC177BB8C400F7C10D /* TreeGenerationTests20Tests.m */; };
		1C25D3FB177BB8C400F7C10D /* TreeGenerationTests21Tests.m in Sources */ = {isa = PBXBuildFile; fileRef = 1C25D3CD177BB8C400F7C10D /* TreeGenerationTests21Tests.m */; };
		1C25D3FC177BB8C400F7C10D /* TreeGenerationTests22Tests.m in Sources */ = {isa = PBXBuildFile; fileRef = 1C25D3CE177BB8C400F7C10D /* TreeGenerationTests22Tests.m */; };
		1C25D3FD177BB8C400F7C10D /* TreeGenerationTests23Tests.m in Sources */ = {isa = PBXBuildFile; fileRef = 1C25D3CF177BB8C400F7C10D /* TreeGenerationTests23Tests.m */; };
		1C25D3FE177BB8C400F7C10D /* TreeGenerationTests24Tests.m in Sources */ = {isa = PBXBuildFile; fileRef = 1C25D3D0177BB8C400F7C10D /* TreeGenerationTests24Tests.m */; };
		1C25D3FF177BB8C400F7C10D /* TreeGenerationTests25Tests.m in Sources */ = {isa = PBXBuildFile; fileRef = 1C25D3D1177BB8C400F7C10D /* TreeGenerationTests25Tests.m */; };
		1C25D400177BB8C400F7C10D /* TreeGenerationTests26Tests.m in Sources */ = {isa = PBXBuildFile; fileRef = 1C25D3D2177BB8C400F7C10D /* TreeGenerationTests26Tests.m */; };
		1C25D401177BB8C400F7C10D /* TreeGenerationTestsInnerHTML1Tests.m in Sources */ = {isa = PBXBuildFile; fileRef = 1C25D3D3177BB8C400F7C10D /* TreeGenerationTestsInnerHTML1Tests.m */; };
		1C25D402177BB8C400F7C10D /* TreeGenerationTricky01Tests.m in Sources */ = {isa = PBXBuildFile; fileRef = 1C25D3D4177BB8C400F7C10D /* TreeGenerationTricky01Tests.m */; };
		1C25D403177BB8C400F7C10D /* TreeGenerationWebkit01Tests.m in Sources */ = {isa = PBXBuildFile; fileRef = 1C25D3D5177BB8C400F7C10D /* TreeGenerationWebkit01Tests.m */; };
		1C25D404177BB8C400F7C10D /* TreeGenerationWebkit02Tests.m in Sources */ = {isa = PBXBuildFile; fileRef = 1C25D3D6177BB8C400F7C10D /* TreeGenerationWebkit02Tests.m */; };
		1C25D40A17837A8A00F7C10D /* HTMLParser.m in Sources */ = {isa = PBXBuildFile; fileRef = 1C25D40917837A8A00F7C10D /* HTMLParser.m */; };
		1C640EA5176BCA0000919E5C /* TokenizerContentModelFlagsTests.m in Sources */ = {isa = PBXBuildFile; fileRef = 1C640E98176BCA0000919E5C /* TokenizerContentModelFlagsTests.m */; };
		1C640EA6176BCA0000919E5C /* TokenizerDomjsTests.m in Sources */ = {isa = PBXBuildFile; fileRef = 1C640E99176BCA0000919E5C /* TokenizerDomjsTests.m */; };
		1C640EA7176BCA0000919E5C /* TokenizerEntitiesTests.m in Sources */ = {isa = PBXBuildFile; fileRef = 1C640E9A176BCA0000919E5C /* TokenizerEntitiesTests.m */; };
		1C640EA8176BCA0000919E5C /* TokenizerEscapeFlagTests.m in Sources */ = {isa = PBXBuildFile; fileRef = 1C640E9B176BCA0000919E5C /* TokenizerEscapeFlagTests.m */; };
		1C640EA9176BCA0000919E5C /* TokenizerNamedEntitiesTests.m in Sources */ = {isa = PBXBuildFile; fileRef = 1C640E9C176BCA0000919E5C /* TokenizerNamedEntitiesTests.m */; };
		1C640EAA176BCA0000919E5C /* TokenizerNumericEntitiesTests.m in Sources */ = {isa = PBXBuildFile; fileRef = 1C640E9D176BCA0000919E5C /* TokenizerNumericEntitiesTests.m */; };
		1C640EAB176BCA0000919E5C /* TokenizerPendingSpecChangesTests.m in Sources */ = {isa = PBXBuildFile; fileRef = 1C640E9E176BCA0000919E5C /* TokenizerPendingSpecChangesTests.m */; };
		1C640EAC176BCA0000919E5C /* TokenizerTest1Tests.m in Sources */ = {isa = PBXBuildFile; fileRef = 1C640E9F176BCA0000919E5C /* TokenizerTest1Tests.m */; };
		1C640EAD176BCA0000919E5C /* TokenizerTest2Tests.m in Sources */ = {isa = PBXBuildFile; fileRef = 1C640EA0176BCA0000919E5C /* TokenizerTest2Tests.m */; };
		1C640EAE176BCA0000919E5C /* TokenizerTest3Tests.m in Sources */ = {isa = PBXBuildFile; fileRef = 1C640EA1176BCA0000919E5C /* TokenizerTest3Tests.m */; };
		1C640EAF176BCA0000919E5C /* TokenizerTest4Tests.m in Sources */ = {isa = PBXBuildFile; fileRef = 1C640EA2176BCA0000919E5C /* TokenizerTest4Tests.m */; };
		1C640EB0176BCA0000919E5C /* TokenizerUnicodeCharsProblematicTests.m in Sources */ = {isa = PBXBuildFile; fileRef = 1C640EA3176BCA0000919E5C /* TokenizerUnicodeCharsProblematicTests.m */; };
		1C640EB1176BCA0000919E5C /* TokenizerUnicodeCharsTests.m in Sources */ = {isa = PBXBuildFile; fileRef = 1C640EA4176BCA0000919E5C /* TokenizerUnicodeCharsTests.m */; };
		1C640EB4176BCA1C00919E5C /* HTMLTokenizer.m in Sources */ = {isa = PBXBuildFile; fileRef = 1C640EB3176BCA1C00919E5C /* HTMLTokenizer.m */; };
		1C9C3EBD176BC53900E982C9 /* Foundation.framework in Frameworks */ = {isa = PBXBuildFile; fileRef = 1C9C3EBC176BC53900E982C9 /* Foundation.framework */; };
		1C9C3ECC176BC53900E982C9 /* SenTestingKit.framework in Frameworks */ = {isa = PBXBuildFile; fileRef = 1C9C3ECB176BC53900E982C9 /* SenTestingKit.framework */; };
		1C9C3ECE176BC53900E982C9 /* UIKit.framework in Frameworks */ = {isa = PBXBuildFile; fileRef = 1C9C3ECD176BC53900E982C9 /* UIKit.framework */; };
		1C9C3ECF176BC53900E982C9 /* Foundation.framework in Frameworks */ = {isa = PBXBuildFile; fileRef = 1C9C3EBC176BC53900E982C9 /* Foundation.framework */; };
		1C9C3ED2176BC53900E982C9 /* libHTMLReader.a in Frameworks */ = {isa = PBXBuildFile; fileRef = 1C9C3EB9176BC53900E982C9 /* libHTMLReader.a */; };
		1C9C789E176E40D500AFF16B /* HTMLTokenizerTestUtilities.m in Sources */ = {isa = PBXBuildFile; fileRef = 1C9C789D176E40D500AFF16B /* HTMLTokenizerTestUtilities.m */; };
		1CACE9E41783A92F00754A8F /* HTMLNode.m in Sources */ = {isa = PBXBuildFile; fileRef = 1CACE9E31783A92F00754A8F /* HTMLNode.m */; };
		1CACE9E71783A95000754A8F /* HTMLAttribute.m in Sources */ = {isa = PBXBuildFile; fileRef = 1CACE9E61783A95000754A8F /* HTMLAttribute.m */; };
		1CACE9EA1783AA6600754A8F /* HTMLString.m in Sources */ = {isa = PBXBuildFile; fileRef = 1CACE9E91783AA6600754A8F /* HTMLString.m */; };
/* End PBXBuildFile section */

/* Begin PBXContainerItemProxy section */
		1C9C3ED0176BC53900E982C9 /* PBXContainerItemProxy */ = {
			isa = PBXContainerItemProxy;
			containerPortal = 1C9C3EB1176BC53800E982C9 /* Project object */;
			proxyType = 1;
			remoteGlobalIDString = 1C9C3EB8176BC53800E982C9;
			remoteInfo = HTMLReader;
		};
/* End PBXContainerItemProxy section */

/* Begin PBXCopyFilesBuildPhase section */
		1C9C3EB7176BC53800E982C9 /* CopyFiles */ = {
			isa = PBXCopyFilesBuildPhase;
			buildActionMask = 2147483647;
			dstPath = "include/${PRODUCT_NAME}";
			dstSubfolderSpec = 16;
			files = (
			);
			runOnlyForDeploymentPostprocessing = 0;
		};
/* End PBXCopyFilesBuildPhase section */

/* Begin PBXFileReference section */
		1C25D3A3177BB72800F7C10D /* HTMLTreeConstructionTestUtilities.h */ = {isa = PBXFileReference; fileEncoding = 4; lastKnownFileType = sourcecode.c.h; path = HTMLTreeConstructionTestUtilities.h; sourceTree = "<group>"; };
		1C25D3A4177BB72800F7C10D /* HTMLTreeConstructionTestUtilities.m */ = {isa = PBXFileReference; fileEncoding = 4; lastKnownFileType = sourcecode.c.objc; path = HTMLTreeConstructionTestUtilities.m; sourceTree = "<group>"; };
		1C25D3A6177BB78600F7C10D /* HTMLDocument.h */ = {isa = PBXFileReference; fileEncoding = 4; lastKnownFileType = sourcecode.c.h; path = HTMLDocument.h; sourceTree = "<group>"; };
		1C25D3A7177BB78600F7C10D /* HTMLDocument.m */ = {isa = PBXFileReference; fileEncoding = 4; lastKnownFileType = sourcecode.c.objc; path = HTMLDocument.m; sourceTree = "<group>"; };
		1C25D3A9177BB8C300F7C10D /* TreeGenerationAdoption01Tests.m */ = {isa = PBXFileReference; fileEncoding = 4; lastKnownFileType = sourcecode.c.objc; path = TreeGenerationAdoption01Tests.m; sourceTree = "<group>"; };
		1C25D3AA177BB8C300F7C10D /* TreeGenerationAdoption02Tests.m */ = {isa = PBXFileReference; fileEncoding = 4; lastKnownFileType = sourcecode.c.objc; path = TreeGenerationAdoption02Tests.m; sourceTree = "<group>"; };
		1C25D3AB177BB8C300F7C10D /* TreeGenerationComments01Tests.m */ = {isa = PBXFileReference; fileEncoding = 4; lastKnownFileType = sourcecode.c.objc; path = TreeGenerationComments01Tests.m; sourceTree = "<group>"; };
		1C25D3AC177BB8C300F7C10D /* TreeGenerationDoctype01Tests.m */ = {isa = PBXFileReference; fileEncoding = 4; lastKnownFileType = sourcecode.c.objc; path = TreeGenerationDoctype01Tests.m; sourceTree = "<group>"; };
		1C25D3AD177BB8C300F7C10D /* TreeGenerationDomjsUnsafeTests.m */ = {isa = PBXFileReference; fileEncoding = 4; lastKnownFileType = sourcecode.c.objc; path = TreeGenerationDomjsUnsafeTests.m; sourceTree = "<group>"; };
		1C25D3AE177BB8C300F7C10D /* TreeGenerationEntities01Tests.m */ = {isa = PBXFileReference; fileEncoding = 4; lastKnownFileType = sourcecode.c.objc; path = TreeGenerationEntities01Tests.m; sourceTree = "<group>"; };
		1C25D3AF177BB8C300F7C10D /* TreeGenerationEntities02Tests.m */ = {isa = PBXFileReference; fileEncoding = 4; lastKnownFileType = sourcecode.c.objc; path = TreeGenerationEntities02Tests.m; sourceTree = "<group>"; };
		1C25D3B0177BB8C300F7C10D /* TreeGenerationHtml5testComTests.m */ = {isa = PBXFileReference; fileEncoding = 4; lastKnownFileType = sourcecode.c.objc; path = TreeGenerationHtml5testComTests.m; sourceTree = "<group>"; };
		1C25D3B1177BB8C300F7C10D /* TreeGenerationInbody01Tests.m */ = {isa = PBXFileReference; fileEncoding = 4; lastKnownFileType = sourcecode.c.objc; path = TreeGenerationInbody01Tests.m; sourceTree = "<group>"; };
		1C25D3B2177BB8C300F7C10D /* TreeGenerationIsindexTests.m */ = {isa = PBXFileReference; fileEncoding = 4; lastKnownFileType = sourcecode.c.objc; path = TreeGenerationIsindexTests.m; sourceTree = "<group>"; };
		1C25D3B3177BB8C300F7C10D /* TreeGenerationMainElementTests.m */ = {isa = PBXFileReference; fileEncoding = 4; lastKnownFileType = sourcecode.c.objc; path = TreeGenerationMainElementTests.m; sourceTree = "<group>"; };
		1C25D3B4177BB8C300F7C10D /* TreeGenerationPendingSpecChangesPlainTextUnsafeTests.m */ = {isa = PBXFileReference; fileEncoding = 4; lastKnownFileType = sourcecode.c.objc; path = TreeGenerationPendingSpecChangesPlainTextUnsafeTests.m; sourceTree = "<group>"; };
		1C25D3B5177BB8C300F7C10D /* TreeGenerationPendingSpecChangesTests.m */ = {isa = PBXFileReference; fileEncoding = 4; lastKnownFileType = sourcecode.c.objc; path = TreeGenerationPendingSpecChangesTests.m; sourceTree = "<group>"; };
		1C25D3B6177BB8C300F7C10D /* TreeGenerationPlainTextUnsafeTests.m */ = {isa = PBXFileReference; fileEncoding = 4; lastKnownFileType = sourcecode.c.objc; path = TreeGenerationPlainTextUnsafeTests.m; sourceTree = "<group>"; };
		1C25D3B7177BB8C300F7C10D /* TreeGenerationScriptdata01Tests.m */ = {isa = PBXFileReference; fileEncoding = 4; lastKnownFileType = sourcecode.c.objc; path = TreeGenerationScriptdata01Tests.m; sourceTree = "<group>"; };
		1C25D3B8177BB8C300F7C10D /* TreeGenerationTables01Tests.m */ = {isa = PBXFileReference; fileEncoding = 4; lastKnownFileType = sourcecode.c.objc; path = TreeGenerationTables01Tests.m; sourceTree = "<group>"; };
		1C25D3B9177BB8C300F7C10D /* TreeGenerationTemplateTests.m */ = {isa = PBXFileReference; fileEncoding = 4; lastKnownFileType = sourcecode.c.objc; path = TreeGenerationTemplateTests.m; sourceTree = "<group>"; };
		1C25D3BA177BB8C300F7C10D /* TreeGenerationTests01Tests.m */ = {isa = PBXFileReference; fileEncoding = 4; lastKnownFileType = sourcecode.c.objc; path = TreeGenerationTests01Tests.m; sourceTree = "<group>"; };
		1C25D3BB177BB8C300F7C10D /* TreeGenerationTests02Tests.m */ = {isa = PBXFileReference; fileEncoding = 4; lastKnownFileType = sourcecode.c.objc; path = TreeGenerationTests02Tests.m; sourceTree = "<group>"; };
		1C25D3BC177BB8C300F7C10D /* TreeGenerationTests03Tests.m */ = {isa = PBXFileReference; fileEncoding = 4; lastKnownFileType = sourcecode.c.objc; path = TreeGenerationTests03Tests.m; sourceTree = "<group>"; };
		1C25D3BD177BB8C300F7C10D /* TreeGenerationTests04Tests.m */ = {isa = PBXFileReference; fileEncoding = 4; lastKnownFileType = sourcecode.c.objc; path = TreeGenerationTests04Tests.m; sourceTree = "<group>"; };
		1C25D3BE177BB8C400F7C10D /* TreeGenerationTests05Tests.m */ = {isa = PBXFileReference; fileEncoding = 4; lastKnownFileType = sourcecode.c.objc; path = TreeGenerationTests05Tests.m; sourceTree = "<group>"; };
		1C25D3BF177BB8C400F7C10D /* TreeGenerationTests06Tests.m */ = {isa = PBXFileReference; fileEncoding = 4; lastKnownFileType = sourcecode.c.objc; path = TreeGenerationTests06Tests.m; sourceTree = "<group>"; };
		1C25D3C0177BB8C400F7C10D /* TreeGenerationTests07Tests.m */ = {isa = PBXFileReference; fileEncoding = 4; lastKnownFileType = sourcecode.c.objc; path = TreeGenerationTests07Tests.m; sourceTree = "<group>"; };
		1C25D3C1177BB8C400F7C10D /* TreeGenerationTests08Tests.m */ = {isa = PBXFileReference; fileEncoding = 4; lastKnownFileType = sourcecode.c.objc; path = TreeGenerationTests08Tests.m; sourceTree = "<group>"; };
		1C25D3C2177BB8C400F7C10D /* TreeGenerationTests09Tests.m */ = {isa = PBXFileReference; fileEncoding = 4; lastKnownFileType = sourcecode.c.objc; path = TreeGenerationTests09Tests.m; sourceTree = "<group>"; };
		1C25D3C3177BB8C400F7C10D /* TreeGenerationTests10Tests.m */ = {isa = PBXFileReference; fileEncoding = 4; lastKnownFileType = sourcecode.c.objc; path = TreeGenerationTests10Tests.m; sourceTree = "<group>"; };
		1C25D3C4177BB8C400F7C10D /* TreeGenerationTests11Tests.m */ = {isa = PBXFileReference; fileEncoding = 4; lastKnownFileType = sourcecode.c.objc; path = TreeGenerationTests11Tests.m; sourceTree = "<group>"; };
		1C25D3C5177BB8C400F7C10D /* TreeGenerationTests12Tests.m */ = {isa = PBXFileReference; fileEncoding = 4; lastKnownFileType = sourcecode.c.objc; path = TreeGenerationTests12Tests.m; sourceTree = "<group>"; };
		1C25D3C6177BB8C400F7C10D /* TreeGenerationTests14Tests.m */ = {isa = PBXFileReference; fileEncoding = 4; lastKnownFileType = sourcecode.c.objc; path = TreeGenerationTests14Tests.m; sourceTree = "<group>"; };
		1C25D3C7177BB8C400F7C10D /* TreeGenerationTests15Tests.m */ = {isa = PBXFileReference; fileEncoding = 4; lastKnownFileType = sourcecode.c.objc; path = TreeGenerationTests15Tests.m; sourceTree = "<group>"; };
		1C25D3C8177BB8C400F7C10D /* TreeGenerationTests16Tests.m */ = {isa = PBXFileReference; fileEncoding = 4; lastKnownFileType = sourcecode.c.objc; path = TreeGenerationTests16Tests.m; sourceTree = "<group>"; };
		1C25D3C9177BB8C400F7C10D /* TreeGenerationTests17Tests.m */ = {isa = PBXFileReference; fileEncoding = 4; lastKnownFileType = sourcecode.c.objc; path = TreeGenerationTests17Tests.m; sourceTree = "<group>"; };
		1C25D3CA177BB8C400F7C10D /* TreeGenerationTests18Tests.m */ = {isa = PBXFileReference; fileEncoding = 4; lastKnownFileType = sourcecode.c.objc; path = TreeGenerationTests18Tests.m; sourceTree = "<group>"; };
		1C25D3CB177BB8C400F7C10D /* TreeGenerationTests19Tests.m */ = {isa = PBXFileReference; fileEncoding = 4; lastKnownFileType = sourcecode.c.objc; path = TreeGenerationTests19Tests.m; sourceTree = "<group>"; };
		1C25D3CC177BB8C400F7C10D /* TreeGenerationTests20Tests.m */ = {isa = PBXFileReference; fileEncoding = 4; lastKnownFileType = sourcecode.c.objc; path = TreeGenerationTests20Tests.m; sourceTree = "<group>"; };
		1C25D3CD177BB8C400F7C10D /* TreeGenerationTests21Tests.m */ = {isa = PBXFileReference; fileEncoding = 4; lastKnownFileType = sourcecode.c.objc; path = TreeGenerationTests21Tests.m; sourceTree = "<group>"; };
		1C25D3CE177BB8C400F7C10D /* TreeGenerationTests22Tests.m */ = {isa = PBXFileReference; fileEncoding = 4; lastKnownFileType = sourcecode.c.objc; path = TreeGenerationTests22Tests.m; sourceTree = "<group>"; };
		1C25D3CF177BB8C400F7C10D /* TreeGenerationTests23Tests.m */ = {isa = PBXFileReference; fileEncoding = 4; lastKnownFileType = sourcecode.c.objc; path = TreeGenerationTests23Tests.m; sourceTree = "<group>"; };
		1C25D3D0177BB8C400F7C10D /* TreeGenerationTests24Tests.m */ = {isa = PBXFileReference; fileEncoding = 4; lastKnownFileType = sourcecode.c.objc; path = TreeGenerationTests24Tests.m; sourceTree = "<group>"; };
		1C25D3D1177BB8C400F7C10D /* TreeGenerationTests25Tests.m */ = {isa = PBXFileReference; fileEncoding = 4; lastKnownFileType = sourcecode.c.objc; path = TreeGenerationTests25Tests.m; sourceTree = "<group>"; };
		1C25D3D2177BB8C400F7C10D /* TreeGenerationTests26Tests.m */ = {isa = PBXFileReference; fileEncoding = 4; lastKnownFileType = sourcecode.c.objc; path = TreeGenerationTests26Tests.m; sourceTree = "<group>"; };
		1C25D3D3177BB8C400F7C10D /* TreeGenerationTestsInnerHTML1Tests.m */ = {isa = PBXFileReference; fileEncoding = 4; lastKnownFileType = sourcecode.c.objc; path = TreeGenerationTestsInnerHTML1Tests.m; sourceTree = "<group>"; };
		1C25D3D4177BB8C400F7C10D /* TreeGenerationTricky01Tests.m */ = {isa = PBXFileReference; fileEncoding = 4; lastKnownFileType = sourcecode.c.objc; path = TreeGenerationTricky01Tests.m; sourceTree = "<group>"; };
		1C25D3D5177BB8C400F7C10D /* TreeGenerationWebkit01Tests.m */ = {isa = PBXFileReference; fileEncoding = 4; lastKnownFileType = sourcecode.c.objc; path = TreeGenerationWebkit01Tests.m; sourceTree = "<group>"; };
		1C25D3D6177BB8C400F7C10D /* TreeGenerationWebkit02Tests.m */ = {isa = PBXFileReference; fileEncoding = 4; lastKnownFileType = sourcecode.c.objc; path = TreeGenerationWebkit02Tests.m; sourceTree = "<group>"; };
		1C25D40817837A8A00F7C10D /* HTMLParser.h */ = {isa = PBXFileReference; fileEncoding = 4; lastKnownFileType = sourcecode.c.h; path = HTMLParser.h; sourceTree = "<group>"; };
		1C25D40917837A8A00F7C10D /* HTMLParser.m */ = {isa = PBXFileReference; fileEncoding = 4; lastKnownFileType = sourcecode.c.objc; path = HTMLParser.m; sourceTree = "<group>"; };
		1C640E98176BCA0000919E5C /* TokenizerContentModelFlagsTests.m */ = {isa = PBXFileReference; fileEncoding = 4; lastKnownFileType = sourcecode.c.objc; path = TokenizerContentModelFlagsTests.m; sourceTree = "<group>"; };
		1C640E99176BCA0000919E5C /* TokenizerDomjsTests.m */ = {isa = PBXFileReference; fileEncoding = 4; lastKnownFileType = sourcecode.c.objc; path = TokenizerDomjsTests.m; sourceTree = "<group>"; };
		1C640E9A176BCA0000919E5C /* TokenizerEntitiesTests.m */ = {isa = PBXFileReference; fileEncoding = 4; lastKnownFileType = sourcecode.c.objc; path = TokenizerEntitiesTests.m; sourceTree = "<group>"; };
		1C640E9B176BCA0000919E5C /* TokenizerEscapeFlagTests.m */ = {isa = PBXFileReference; fileEncoding = 4; lastKnownFileType = sourcecode.c.objc; path = TokenizerEscapeFlagTests.m; sourceTree = "<group>"; };
		1C640E9C176BCA0000919E5C /* TokenizerNamedEntitiesTests.m */ = {isa = PBXFileReference; fileEncoding = 4; lastKnownFileType = sourcecode.c.objc; path = TokenizerNamedEntitiesTests.m; sourceTree = "<group>"; };
		1C640E9D176BCA0000919E5C /* TokenizerNumericEntitiesTests.m */ = {isa = PBXFileReference; fileEncoding = 4; lastKnownFileType = sourcecode.c.objc; path = TokenizerNumericEntitiesTests.m; sourceTree = "<group>"; };
		1C640E9E176BCA0000919E5C /* TokenizerPendingSpecChangesTests.m */ = {isa = PBXFileReference; fileEncoding = 4; lastKnownFileType = sourcecode.c.objc; path = TokenizerPendingSpecChangesTests.m; sourceTree = "<group>"; };
		1C640E9F176BCA0000919E5C /* TokenizerTest1Tests.m */ = {isa = PBXFileReference; fileEncoding = 4; lastKnownFileType = sourcecode.c.objc; path = TokenizerTest1Tests.m; sourceTree = "<group>"; };
		1C640EA0176BCA0000919E5C /* TokenizerTest2Tests.m */ = {isa = PBXFileReference; fileEncoding = 4; lastKnownFileType = sourcecode.c.objc; path = TokenizerTest2Tests.m; sourceTree = "<group>"; };
		1C640EA1176BCA0000919E5C /* TokenizerTest3Tests.m */ = {isa = PBXFileReference; fileEncoding = 4; lastKnownFileType = sourcecode.c.objc; path = TokenizerTest3Tests.m; sourceTree = "<group>"; };
		1C640EA2176BCA0000919E5C /* TokenizerTest4Tests.m */ = {isa = PBXFileReference; fileEncoding = 4; lastKnownFileType = sourcecode.c.objc; path = TokenizerTest4Tests.m; sourceTree = "<group>"; };
		1C640EA3176BCA0000919E5C /* TokenizerUnicodeCharsProblematicTests.m */ = {isa = PBXFileReference; fileEncoding = 4; lastKnownFileType = sourcecode.c.objc; path = TokenizerUnicodeCharsProblematicTests.m; sourceTree = "<group>"; };
		1C640EA4176BCA0000919E5C /* TokenizerUnicodeCharsTests.m */ = {isa = PBXFileReference; fileEncoding = 4; lastKnownFileType = sourcecode.c.objc; path = TokenizerUnicodeCharsTests.m; sourceTree = "<group>"; };
		1C640EB2176BCA1C00919E5C /* HTMLTokenizer.h */ = {isa = PBXFileReference; fileEncoding = 4; lastKnownFileType = sourcecode.c.h; path = HTMLTokenizer.h; sourceTree = "<group>"; };
		1C640EB3176BCA1C00919E5C /* HTMLTokenizer.m */ = {isa = PBXFileReference; fileEncoding = 4; lastKnownFileType = sourcecode.c.objc; path = HTMLTokenizer.m; sourceTree = "<group>"; };
		1C9C3EB9176BC53900E982C9 /* libHTMLReader.a */ = {isa = PBXFileReference; explicitFileType = archive.ar; includeInIndex = 0; path = libHTMLReader.a; sourceTree = BUILT_PRODUCTS_DIR; };
		1C9C3EBC176BC53900E982C9 /* Foundation.framework */ = {isa = PBXFileReference; lastKnownFileType = wrapper.framework; name = Foundation.framework; path = System/Library/Frameworks/Foundation.framework; sourceTree = SDKROOT; };
		1C9C3EC0176BC53900E982C9 /* Prefix.pch */ = {isa = PBXFileReference; lastKnownFileType = sourcecode.c.h; path = Prefix.pch; sourceTree = "<group>"; };
		1C9C3ECA176BC53900E982C9 /* HTMLReaderTests.octest */ = {isa = PBXFileReference; explicitFileType = wrapper.cfbundle; includeInIndex = 0; path = HTMLReaderTests.octest; sourceTree = BUILT_PRODUCTS_DIR; };
		1C9C3ECB176BC53900E982C9 /* SenTestingKit.framework */ = {isa = PBXFileReference; lastKnownFileType = wrapper.framework; name = SenTestingKit.framework; path = Library/Frameworks/SenTestingKit.framework; sourceTree = DEVELOPER_DIR; };
		1C9C3ECD176BC53900E982C9 /* UIKit.framework */ = {isa = PBXFileReference; lastKnownFileType = wrapper.framework; name = UIKit.framework; path = Library/Frameworks/UIKit.framework; sourceTree = DEVELOPER_DIR; };
		1C9C3ED5176BC53900E982C9 /* Info.plist */ = {isa = PBXFileReference; lastKnownFileType = text.plist.xml; path = Info.plist; sourceTree = "<group>"; };
		1C9C789A176E35F900AFF16B /* HTMLTokenizerTestUtilities.h */ = {isa = PBXFileReference; fileEncoding = 4; lastKnownFileType = sourcecode.c.h; path = HTMLTokenizerTestUtilities.h; sourceTree = "<group>"; };
		1C9C789D176E40D500AFF16B /* HTMLTokenizerTestUtilities.m */ = {isa = PBXFileReference; fileEncoding = 4; lastKnownFileType = sourcecode.c.objc; path = HTMLTokenizerTestUtilities.m; sourceTree = "<group>"; };
		1CACE9E21783A92F00754A8F /* HTMLNode.h */ = {isa = PBXFileReference; fileEncoding = 4; lastKnownFileType = sourcecode.c.h; path = HTMLNode.h; sourceTree = "<group>"; };
		1CACE9E31783A92F00754A8F /* HTMLNode.m */ = {isa = PBXFileReference; fileEncoding = 4; lastKnownFileType = sourcecode.c.objc; path = HTMLNode.m; sourceTree = "<group>"; };
		1CACE9E51783A95000754A8F /* HTMLAttribute.h */ = {isa = PBXFileReference; fileEncoding = 4; lastKnownFileType = sourcecode.c.h; path = HTMLAttribute.h; sourceTree = "<group>"; };
		1CACE9E61783A95000754A8F /* HTMLAttribute.m */ = {isa = PBXFileReference; fileEncoding = 4; lastKnownFileType = sourcecode.c.objc; path = HTMLAttribute.m; sourceTree = "<group>"; };
		1CACE9E81783AA6600754A8F /* HTMLString.h */ = {isa = PBXFileReference; fileEncoding = 4; lastKnownFileType = sourcecode.c.h; path = HTMLString.h; sourceTree = "<group>"; };
		1CACE9E91783AA6600754A8F /* HTMLString.m */ = {isa = PBXFileReference; fileEncoding = 4; lastKnownFileType = sourcecode.c.objc; path = HTMLString.m; sourceTree = "<group>"; };
/* End PBXFileReference section */

/* Begin PBXFrameworksBuildPhase section */
		1C9C3EB6176BC53800E982C9 /* Frameworks */ = {
			isa = PBXFrameworksBuildPhase;
			buildActionMask = 2147483647;
			files = (
				1C9C3EBD176BC53900E982C9 /* Foundation.framework in Frameworks */,
			);
			runOnlyForDeploymentPostprocessing = 0;
		};
		1C9C3EC6176BC53900E982C9 /* Frameworks */ = {
			isa = PBXFrameworksBuildPhase;
			buildActionMask = 2147483647;
			files = (
				1C9C3ECC176BC53900E982C9 /* SenTestingKit.framework in Frameworks */,
				1C9C3ECE176BC53900E982C9 /* UIKit.framework in Frameworks */,
				1C9C3ECF176BC53900E982C9 /* Foundation.framework in Frameworks */,
				1C9C3ED2176BC53900E982C9 /* libHTMLReader.a in Frameworks */,
			);
			runOnlyForDeploymentPostprocessing = 0;
		};
/* End PBXFrameworksBuildPhase section */

/* Begin PBXGroup section */
		1C25D346177BB71300F7C10D /* Tree Construction */ = {
			isa = PBXGroup;
			children = (
				1C25D3A3177BB72800F7C10D /* HTMLTreeConstructionTestUtilities.h */,
				1C25D3A4177BB72800F7C10D /* HTMLTreeConstructionTestUtilities.m */,
				1C25D3A9177BB8C300F7C10D /* TreeGenerationAdoption01Tests.m */,
				1C25D3AA177BB8C300F7C10D /* TreeGenerationAdoption02Tests.m */,
				1C25D3AB177BB8C300F7C10D /* TreeGenerationComments01Tests.m */,
				1C25D3AC177BB8C300F7C10D /* TreeGenerationDoctype01Tests.m */,
				1C25D3AD177BB8C300F7C10D /* TreeGenerationDomjsUnsafeTests.m */,
				1C25D3AE177BB8C300F7C10D /* TreeGenerationEntities01Tests.m */,
				1C25D3AF177BB8C300F7C10D /* TreeGenerationEntities02Tests.m */,
				1C25D3B0177BB8C300F7C10D /* TreeGenerationHtml5testComTests.m */,
				1C25D3B1177BB8C300F7C10D /* TreeGenerationInbody01Tests.m */,
				1C25D3B2177BB8C300F7C10D /* TreeGenerationIsindexTests.m */,
				1C25D3B3177BB8C300F7C10D /* TreeGenerationMainElementTests.m */,
				1C25D3B4177BB8C300F7C10D /* TreeGenerationPendingSpecChangesPlainTextUnsafeTests.m */,
				1C25D3B5177BB8C300F7C10D /* TreeGenerationPendingSpecChangesTests.m */,
				1C25D3B6177BB8C300F7C10D /* TreeGenerationPlainTextUnsafeTests.m */,
				1C25D3B7177BB8C300F7C10D /* TreeGenerationScriptdata01Tests.m */,
				1C25D3B8177BB8C300F7C10D /* TreeGenerationTables01Tests.m */,
				1C25D3B9177BB8C300F7C10D /* TreeGenerationTemplateTests.m */,
				1C25D3BA177BB8C300F7C10D /* TreeGenerationTests01Tests.m */,
				1C25D3BB177BB8C300F7C10D /* TreeGenerationTests02Tests.m */,
				1C25D3BC177BB8C300F7C10D /* TreeGenerationTests03Tests.m */,
				1C25D3BD177BB8C300F7C10D /* TreeGenerationTests04Tests.m */,
				1C25D3BE177BB8C400F7C10D /* TreeGenerationTests05Tests.m */,
				1C25D3BF177BB8C400F7C10D /* TreeGenerationTests06Tests.m */,
				1C25D3C0177BB8C400F7C10D /* TreeGenerationTests07Tests.m */,
				1C25D3C1177BB8C400F7C10D /* TreeGenerationTests08Tests.m */,
				1C25D3C2177BB8C400F7C10D /* TreeGenerationTests09Tests.m */,
				1C25D3C3177BB8C400F7C10D /* TreeGenerationTests10Tests.m */,
				1C25D3C4177BB8C400F7C10D /* TreeGenerationTests11Tests.m */,
				1C25D3C5177BB8C400F7C10D /* TreeGenerationTests12Tests.m */,
				1C25D3C6177BB8C400F7C10D /* TreeGenerationTests14Tests.m */,
				1C25D3C7177BB8C400F7C10D /* TreeGenerationTests15Tests.m */,
				1C25D3C8177BB8C400F7C10D /* TreeGenerationTests16Tests.m */,
				1C25D3C9177BB8C400F7C10D /* TreeGenerationTests17Tests.m */,
				1C25D3CA177BB8C400F7C10D /* TreeGenerationTests18Tests.m */,
				1C25D3CB177BB8C400F7C10D /* TreeGenerationTests19Tests.m */,
				1C25D3CC177BB8C400F7C10D /* TreeGenerationTests20Tests.m */,
				1C25D3CD177BB8C400F7C10D /* TreeGenerationTests21Tests.m */,
				1C25D3CE177BB8C400F7C10D /* TreeGenerationTests22Tests.m */,
				1C25D3CF177BB8C400F7C10D /* TreeGenerationTests23Tests.m */,
				1C25D3D0177BB8C400F7C10D /* TreeGenerationTests24Tests.m */,
				1C25D3D1177BB8C400F7C10D /* TreeGenerationTests25Tests.m */,
				1C25D3D2177BB8C400F7C10D /* TreeGenerationTests26Tests.m */,
				1C25D3D3177BB8C400F7C10D /* TreeGenerationTestsInnerHTML1Tests.m */,
				1C25D3D4177BB8C400F7C10D /* TreeGenerationTricky01Tests.m */,
				1C25D3D5177BB8C400F7C10D /* TreeGenerationWebkit01Tests.m */,
				1C25D3D6177BB8C400F7C10D /* TreeGenerationWebkit02Tests.m */,
			);
			path = "Tree Construction";
			sourceTree = "<group>";
		};
		1C640E97176BCA0000919E5C /* Tokenizer */ = {
			isa = PBXGroup;
			children = (
				1C9C789A176E35F900AFF16B /* HTMLTokenizerTestUtilities.h */,
				1C9C789D176E40D500AFF16B /* HTMLTokenizerTestUtilities.m */,
				1C640E98176BCA0000919E5C /* TokenizerContentModelFlagsTests.m */,
				1C640E99176BCA0000919E5C /* TokenizerDomjsTests.m */,
				1C640E9A176BCA0000919E5C /* TokenizerEntitiesTests.m */,
				1C640E9B176BCA0000919E5C /* TokenizerEscapeFlagTests.m */,
				1C640E9C176BCA0000919E5C /* TokenizerNamedEntitiesTests.m */,
				1C640E9D176BCA0000919E5C /* TokenizerNumericEntitiesTests.m */,
				1C640E9E176BCA0000919E5C /* TokenizerPendingSpecChangesTests.m */,
				1C640E9F176BCA0000919E5C /* TokenizerTest1Tests.m */,
				1C640EA0176BCA0000919E5C /* TokenizerTest2Tests.m */,
				1C640EA1176BCA0000919E5C /* TokenizerTest3Tests.m */,
				1C640EA2176BCA0000919E5C /* TokenizerTest4Tests.m */,
				1C640EA3176BCA0000919E5C /* TokenizerUnicodeCharsProblematicTests.m */,
				1C640EA4176BCA0000919E5C /* TokenizerUnicodeCharsTests.m */,
			);
			path = Tokenizer;
			sourceTree = "<group>";
		};
		1C9C3EB0176BC53800E982C9 = {
			isa = PBXGroup;
			children = (
				1C9C3EBE176BC53900E982C9 /* Code */,
				1C9C3ED3176BC53900E982C9 /* Tests */,
				1C9C3EBB176BC53900E982C9 /* Frameworks */,
				1C9C3EBA176BC53900E982C9 /* Products */,
			);
			sourceTree = "<group>";
		};
		1C9C3EBA176BC53900E982C9 /* Products */ = {
			isa = PBXGroup;
			children = (
				1C9C3EB9176BC53900E982C9 /* libHTMLReader.a */,
				1C9C3ECA176BC53900E982C9 /* HTMLReaderTests.octest */,
			);
			name = Products;
			sourceTree = "<group>";
		};
		1C9C3EBB176BC53900E982C9 /* Frameworks */ = {
			isa = PBXGroup;
			children = (
				1C9C3EBC176BC53900E982C9 /* Foundation.framework */,
				1C9C3ECB176BC53900E982C9 /* SenTestingKit.framework */,
				1C9C3ECD176BC53900E982C9 /* UIKit.framework */,
			);
			name = Frameworks;
			sourceTree = "<group>";
		};
		1C9C3EBE176BC53900E982C9 /* Code */ = {
			isa = PBXGroup;
			children = (
				1CACE9E51783A95000754A8F /* HTMLAttribute.h */,
				1CACE9E61783A95000754A8F /* HTMLAttribute.m */,
				1C25D3A6177BB78600F7C10D /* HTMLDocument.h */,
				1C25D3A7177BB78600F7C10D /* HTMLDocument.m */,
				1CACE9E21783A92F00754A8F /* HTMLNode.h */,
				1CACE9E31783A92F00754A8F /* HTMLNode.m */,
				1C25D40817837A8A00F7C10D /* HTMLParser.h */,
				1C25D40917837A8A00F7C10D /* HTMLParser.m */,
				1C640EB2176BCA1C00919E5C /* HTMLTokenizer.h */,
				1C640EB3176BCA1C00919E5C /* HTMLTokenizer.m */,
				1CACE9E81783AA6600754A8F /* HTMLString.h */,
				1CACE9E91783AA6600754A8F /* HTMLString.m */,
				1C9C3EBF176BC53900E982C9 /* Supporting Files */,
			);
			path = Code;
			sourceTree = "<group>";
		};
		1C9C3EBF176BC53900E982C9 /* Supporting Files */ = {
			isa = PBXGroup;
			children = (
				1C9C3EC0176BC53900E982C9 /* Prefix.pch */,
			);
			name = "Supporting Files";
			sourceTree = "<group>";
		};
		1C9C3ED3176BC53900E982C9 /* Tests */ = {
			isa = PBXGroup;
			children = (
				1C640E97176BCA0000919E5C /* Tokenizer */,
				1C25D346177BB71300F7C10D /* Tree Construction */,
				1C9C3ED4176BC53900E982C9 /* Supporting Files */,
			);
			path = Tests;
			sourceTree = "<group>";
		};
		1C9C3ED4176BC53900E982C9 /* Supporting Files */ = {
			isa = PBXGroup;
			children = (
				1C9C3ED5176BC53900E982C9 /* Info.plist */,
			);
			name = "Supporting Files";
			sourceTree = "<group>";
		};
/* End PBXGroup section */

/* Begin PBXNativeTarget section */
		1C9C3EB8176BC53800E982C9 /* HTMLReader */ = {
			isa = PBXNativeTarget;
			buildConfigurationList = 1C9C3EDE176BC53900E982C9 /* Build configuration list for PBXNativeTarget "HTMLReader" */;
			buildPhases = (
				1C9C3EB5176BC53800E982C9 /* Sources */,
				1C9C3EB6176BC53800E982C9 /* Frameworks */,
				1C9C3EB7176BC53800E982C9 /* CopyFiles */,
			);
			buildRules = (
			);
			dependencies = (
			);
			name = HTMLReader;
			productName = HTMLReader;
			productReference = 1C9C3EB9176BC53900E982C9 /* libHTMLReader.a */;
			productType = "com.apple.product-type.library.static";
		};
		1C9C3EC9176BC53900E982C9 /* HTMLReaderTests */ = {
			isa = PBXNativeTarget;
			buildConfigurationList = 1C9C3EE1176BC53900E982C9 /* Build configuration list for PBXNativeTarget "HTMLReaderTests" */;
			buildPhases = (
				1C9C3EC5176BC53900E982C9 /* Sources */,
				1C9C3EC6176BC53900E982C9 /* Frameworks */,
				1C9C3EC7176BC53900E982C9 /* Resources */,
				1C9C3EC8176BC53900E982C9 /* ShellScript */,
			);
			buildRules = (
			);
			dependencies = (
				1C9C3ED1176BC53900E982C9 /* PBXTargetDependency */,
			);
			name = HTMLReaderTests;
			productName = HTMLReaderTests;
			productReference = 1C9C3ECA176BC53900E982C9 /* HTMLReaderTests.octest */;
			productType = "com.apple.product-type.bundle";
		};
/* End PBXNativeTarget section */

/* Begin PBXProject section */
		1C9C3EB1176BC53800E982C9 /* Project object */ = {
			isa = PBXProject;
			attributes = {
				CLASSPREFIX = HTML;
				LastUpgradeCheck = 0460;
				ORGANIZATIONNAME = "Nolan Waite";
			};
			buildConfigurationList = 1C9C3EB4176BC53800E982C9 /* Build configuration list for PBXProject "HTMLReader" */;
			compatibilityVersion = "Xcode 3.2";
			developmentRegion = English;
			hasScannedForEncodings = 0;
			knownRegions = (
				en,
			);
			mainGroup = 1C9C3EB0176BC53800E982C9;
			productRefGroup = 1C9C3EBA176BC53900E982C9 /* Products */;
			projectDirPath = "";
			projectRoot = "";
			targets = (
				1C9C3EB8176BC53800E982C9 /* HTMLReader */,
				1C9C3EC9176BC53900E982C9 /* HTMLReaderTests */,
			);
		};
/* End PBXProject section */

/* Begin PBXResourcesBuildPhase section */
		1C9C3EC7176BC53900E982C9 /* Resources */ = {
			isa = PBXResourcesBuildPhase;
			buildActionMask = 2147483647;
			files = (
			);
			runOnlyForDeploymentPostprocessing = 0;
		};
/* End PBXResourcesBuildPhase section */

/* Begin PBXShellScriptBuildPhase section */
		1C9C3EC8176BC53900E982C9 /* ShellScript */ = {
			isa = PBXShellScriptBuildPhase;
			buildActionMask = 2147483647;
			files = (
			);
			inputPaths = (
			);
			outputPaths = (
			);
			runOnlyForDeploymentPostprocessing = 0;
			shellPath = /bin/sh;
			shellScript = "# Run the unit tests in this test bundle.\n\"${SYSTEM_DEVELOPER_DIR}/Tools/RunUnitTests\"\n";
		};
/* End PBXShellScriptBuildPhase section */

/* Begin PBXSourcesBuildPhase section */
		1C9C3EB5176BC53800E982C9 /* Sources */ = {
			isa = PBXSourcesBuildPhase;
			buildActionMask = 2147483647;
			files = (
				1C640EB4176BCA1C00919E5C /* HTMLTokenizer.m in Sources */,
				1C25D3A8177BB78600F7C10D /* HTMLDocument.m in Sources */,
				1C25D40A17837A8A00F7C10D /* HTMLParser.m in Sources */,
				1CACE9E41783A92F00754A8F /* HTMLNode.m in Sources */,
				1CACE9E71783A95000754A8F /* HTMLAttribute.m in Sources */,
				1CACE9EA1783AA6600754A8F /* HTMLString.m in Sources */,
			);
			runOnlyForDeploymentPostprocessing = 0;
		};
		1C9C3EC5176BC53900E982C9 /* Sources */ = {
			isa = PBXSourcesBuildPhase;
			buildActionMask = 2147483647;
			files = (
				1C640EA5176BCA0000919E5C /* TokenizerContentModelFlagsTests.m in Sources */,
				1C640EA6176BCA0000919E5C /* TokenizerDomjsTests.m in Sources */,
				1C640EA7176BCA0000919E5C /* TokenizerEntitiesTests.m in Sources */,
				1C640EA8176BCA0000919E5C /* TokenizerEscapeFlagTests.m in Sources */,
				1C640EA9176BCA0000919E5C /* TokenizerNamedEntitiesTests.m in Sources */,
				1C640EAA176BCA0000919E5C /* TokenizerNumericEntitiesTests.m in Sources */,
				1C640EAB176BCA0000919E5C /* TokenizerPendingSpecChangesTests.m in Sources */,
				1C640EAC176BCA0000919E5C /* TokenizerTest1Tests.m in Sources */,
				1C640EAD176BCA0000919E5C /* TokenizerTest2Tests.m in Sources */,
				1C640EAE176BCA0000919E5C /* TokenizerTest3Tests.m in Sources */,
				1C640EAF176BCA0000919E5C /* TokenizerTest4Tests.m in Sources */,
				1C640EB0176BCA0000919E5C /* TokenizerUnicodeCharsProblematicTests.m in Sources */,
				1C640EB1176BCA0000919E5C /* TokenizerUnicodeCharsTests.m in Sources */,
				1C9C789E176E40D500AFF16B /* HTMLTokenizerTestUtilities.m in Sources */,
				1C25D3A5177BB72800F7C10D /* HTMLTreeConstructionTestUtilities.m in Sources */,
				1C25D3D7177BB8C400F7C10D /* TreeGenerationAdoption01Tests.m in Sources */,
				1C25D3D8177BB8C400F7C10D /* TreeGenerationAdoption02Tests.m in Sources */,
				1C25D3D9177BB8C400F7C10D /* TreeGenerationComments01Tests.m in Sources */,
				1C25D3DA177BB8C400F7C10D /* TreeGenerationDoctype01Tests.m in Sources */,
				1C25D3DB177BB8C400F7C10D /* TreeGenerationDomjsUnsafeTests.m in Sources */,
				1C25D3DC177BB8C400F7C10D /* TreeGenerationEntities01Tests.m in Sources */,
				1C25D3DD177BB8C400F7C10D /* TreeGenerationEntities02Tests.m in Sources */,
				1C25D3DE177BB8C400F7C10D /* TreeGenerationHtml5testComTests.m in Sources */,
				1C25D3DF177BB8C400F7C10D /* TreeGenerationInbody01Tests.m in Sources */,
				1C25D3E0177BB8C400F7C10D /* TreeGenerationIsindexTests.m in Sources */,
				1C25D3E1177BB8C400F7C10D /* TreeGenerationMainElementTests.m in Sources */,
				1C25D3E2177BB8C400F7C10D /* TreeGenerationPendingSpecChangesPlainTextUnsafeTests.m in Sources */,
				1C25D3E3177BB8C400F7C10D /* TreeGenerationPendingSpecChangesTests.m in Sources */,
				1C25D3E4177BB8C400F7C10D /* TreeGenerationPlainTextUnsafeTests.m in Sources */,
				1C25D3E5177BB8C400F7C10D /* TreeGenerationScriptdata01Tests.m in Sources */,
				1C25D3E6177BB8C400F7C10D /* TreeGenerationTables01Tests.m in Sources */,
				1C25D3E7177BB8C400F7C10D /* TreeGenerationTemplateTests.m in Sources */,
				1C25D3E8177BB8C400F7C10D /* TreeGenerationTests01Tests.m in Sources */,
				1C25D3E9177BB8C400F7C10D /* TreeGenerationTests02Tests.m in Sources */,
				1C25D3EA177BB8C400F7C10D /* TreeGenerationTests03Tests.m in Sources */,
				1C25D3EB177BB8C400F7C10D /* TreeGenerationTests04Tests.m in Sources */,
				1C25D3EC177BB8C400F7C10D /* TreeGenerationTests05Tests.m in Sources */,
				1C25D3ED177BB8C400F7C10D /* TreeGenerationTests06Tests.m in Sources */,
				1C25D3EE177BB8C400F7C10D /* TreeGenerationTests07Tests.m in Sources */,
				1C25D3EF177BB8C400F7C10D /* TreeGenerationTests08Tests.m in Sources */,
				1C25D3F0177BB8C400F7C10D /* TreeGenerationTests09Tests.m in Sources */,
				1C25D3F1177BB8C400F7C10D /* TreeGenerationTests10Tests.m in Sources */,
				1C25D3F2177BB8C400F7C10D /* TreeGenerationTests11Tests.m in Sources */,
				1C25D3F3177BB8C400F7C10D /* TreeGenerationTests12Tests.m in Sources */,
				1C25D3F4177BB8C400F7C10D /* TreeGenerationTests14Tests.m in Sources */,
				1C25D3F5177BB8C400F7C10D /* TreeGenerationTests15Tests.m in Sources */,
				1C25D3F6177BB8C400F7C10D /* TreeGenerationTests16Tests.m in Sources */,
				1C25D3F7177BB8C400F7C10D /* TreeGenerationTests17Tests.m in Sources */,
				1C25D3F8177BB8C400F7C10D /* TreeGenerationTests18Tests.m in Sources */,
				1C25D3F9177BB8C400F7C10D /* TreeGenerationTests19Tests.m in Sources */,
				1C25D3FA177BB8C400F7C10D /* TreeGenerationTests20Tests.m in Sources */,
				1C25D3FB177BB8C400F7C10D /* TreeGenerationTests21Tests.m in Sources */,
				1C25D3FC177BB8C400F7C10D /* TreeGenerationTests22Tests.m in Sources */,
				1C25D3FD177BB8C400F7C10D /* TreeGenerationTests23Tests.m in Sources */,
				1C25D3FE177BB8C400F7C10D /* TreeGenerationTests24Tests.m in Sources */,
				1C25D3FF177BB8C400F7C10D /* TreeGenerationTests25Tests.m in Sources */,
				1C25D400177BB8C400F7C10D /* TreeGenerationTests26Tests.m in Sources */,
				1C25D401177BB8C400F7C10D /* TreeGenerationTestsInnerHTML1Tests.m in Sources */,
				1C25D402177BB8C400F7C10D /* TreeGenerationTricky01Tests.m in Sources */,
				1C25D403177BB8C400F7C10D /* TreeGenerationWebkit01Tests.m in Sources */,
				1C25D404177BB8C400F7C10D /* TreeGenerationWebkit02Tests.m in Sources */,
			);
			runOnlyForDeploymentPostprocessing = 0;
		};
/* End PBXSourcesBuildPhase section */

/* Begin PBXTargetDependency section */
		1C9C3ED1176BC53900E982C9 /* PBXTargetDependency */ = {
			isa = PBXTargetDependency;
			target = 1C9C3EB8176BC53800E982C9 /* HTMLReader */;
			targetProxy = 1C9C3ED0176BC53900E982C9 /* PBXContainerItemProxy */;
		};
/* End PBXTargetDependency section */

/* Begin XCBuildConfiguration section */
		1C9C3EDC176BC53900E982C9 /* Debug */ = {
			isa = XCBuildConfiguration;
			buildSettings = {
				ALWAYS_SEARCH_USER_PATHS = NO;
				CLANG_CXX_LANGUAGE_STANDARD = "gnu++0x";
				CLANG_CXX_LIBRARY = "libc++";
				CLANG_ENABLE_OBJC_ARC = YES;
				CLANG_WARN_CONSTANT_CONVERSION = YES;
				CLANG_WARN_EMPTY_BODY = YES;
				CLANG_WARN_ENUM_CONVERSION = YES;
				CLANG_WARN_INT_CONVERSION = YES;
				CLANG_WARN__DUPLICATE_METHOD_MATCH = YES;
				COPY_PHASE_STRIP = NO;
				GCC_C_LANGUAGE_STANDARD = gnu99;
				GCC_DYNAMIC_NO_PIC = NO;
				GCC_OPTIMIZATION_LEVEL = 0;
				GCC_PREPROCESSOR_DEFINITIONS = (
					"DEBUG=1",
					"$(inherited)",
				);
				GCC_SYMBOLS_PRIVATE_EXTERN = NO;
				GCC_TREAT_WARNINGS_AS_ERRORS = YES;
				GCC_WARN_ABOUT_RETURN_TYPE = YES;
				GCC_WARN_UNINITIALIZED_AUTOS = YES;
				GCC_WARN_UNUSED_VARIABLE = YES;
				IPHONEOS_DEPLOYMENT_TARGET = 6.1;
				ONLY_ACTIVE_ARCH = YES;
				SDKROOT = iphoneos;
				WARNING_CFLAGS = (
					"-Wall",
					"-Wextra",
				);
			};
			name = Debug;
		};
		1C9C3EDD176BC53900E982C9 /* Release */ = {
			isa = XCBuildConfiguration;
			buildSettings = {
				ALWAYS_SEARCH_USER_PATHS = NO;
				CLANG_CXX_LANGUAGE_STANDARD = "gnu++0x";
				CLANG_CXX_LIBRARY = "libc++";
				CLANG_ENABLE_OBJC_ARC = YES;
				CLANG_WARN_CONSTANT_CONVERSION = YES;
				CLANG_WARN_EMPTY_BODY = YES;
				CLANG_WARN_ENUM_CONVERSION = YES;
				CLANG_WARN_INT_CONVERSION = YES;
				CLANG_WARN__DUPLICATE_METHOD_MATCH = YES;
				COPY_PHASE_STRIP = YES;
				GCC_C_LANGUAGE_STANDARD = gnu99;
				GCC_TREAT_WARNINGS_AS_ERRORS = YES;
				GCC_WARN_ABOUT_RETURN_TYPE = YES;
				GCC_WARN_UNINITIALIZED_AUTOS = YES;
				GCC_WARN_UNUSED_VARIABLE = YES;
				IPHONEOS_DEPLOYMENT_TARGET = 6.1;
				SDKROOT = iphoneos;
				VALIDATE_PRODUCT = YES;
				WARNING_CFLAGS = (
					"-Wall",
					"-Wextra",
				);
			};
			name = Release;
		};
		1C9C3EDF176BC53900E982C9 /* Debug */ = {
			isa = XCBuildConfiguration;
			buildSettings = {
				DSTROOT = /tmp/HTMLReader.dst;
				GCC_PRECOMPILE_PREFIX_HEADER = YES;
				GCC_PREFIX_HEADER = Code/Prefix.pch;
				OTHER_LDFLAGS = "-ObjC";
				PRODUCT_NAME = "$(TARGET_NAME)";
				SKIP_INSTALL = YES;
			};
			name = Debug;
		};
		1C9C3EE0176BC53900E982C9 /* Release */ = {
			isa = XCBuildConfiguration;
			buildSettings = {
				DSTROOT = /tmp/HTMLReader.dst;
				GCC_PRECOMPILE_PREFIX_HEADER = YES;
				GCC_PREFIX_HEADER = Code/Prefix.pch;
				OTHER_LDFLAGS = "-ObjC";
				PRODUCT_NAME = "$(TARGET_NAME)";
				SKIP_INSTALL = YES;
			};
			name = Release;
		};
		1C9C3EE2176BC53900E982C9 /* Debug */ = {
			isa = XCBuildConfiguration;
			buildSettings = {
				FRAMEWORK_SEARCH_PATHS = (
					"\"$(SDKROOT)/Developer/Library/Frameworks\"",
					"\"$(DEVELOPER_LIBRARY_DIR)/Frameworks\"",
				);
				GCC_PRECOMPILE_PREFIX_HEADER = YES;
				GCC_PREFIX_HEADER = Code/Prefix.pch;
				INFOPLIST_FILE = Tests/Info.plist;
				PRODUCT_NAME = "$(TARGET_NAME)";
				WRAPPER_EXTENSION = octest;
			};
			name = Debug;
		};
		1C9C3EE3176BC53900E982C9 /* Release */ = {
			isa = XCBuildConfiguration;
			buildSettings = {
				FRAMEWORK_SEARCH_PATHS = (
					"\"$(SDKROOT)/Developer/Library/Frameworks\"",
					"\"$(DEVELOPER_LIBRARY_DIR)/Frameworks\"",
				);
				GCC_PRECOMPILE_PREFIX_HEADER = YES;
				GCC_PREFIX_HEADER = Code/Prefix.pch;
				INFOPLIST_FILE = Tests/Info.plist;
				PRODUCT_NAME = "$(TARGET_NAME)";
				WRAPPER_EXTENSION = octest;
			};
			name = Release;
		};
/* End XCBuildConfiguration section */

/* Begin XCConfigurationList section */
		1C9C3EB4176BC53800E982C9 /* Build configuration list for PBXProject "HTMLReader" */ = {
			isa = XCConfigurationList;
			buildConfigurations = (
				1C9C3EDC176BC53900E982C9 /* Debug */,
				1C9C3EDD176BC53900E982C9 /* Release */,
			);
			defaultConfigurationIsVisible = 0;
			defaultConfigurationName = Release;
		};
		1C9C3EDE176BC53900E982C9 /* Build configuration list for PBXNativeTarget "HTMLReader" */ = {
			isa = XCConfigurationList;
			buildConfigurations = (
				1C9C3EDF176BC53900E982C9 /* Debug */,
				1C9C3EE0176BC53900E982C9 /* Release */,
			);
			defaultConfigurationIsVisible = 0;
			defaultConfigurationName = Release;
		};
		1C9C3EE1176BC53900E982C9 /* Build configuration list for PBXNativeTarget "HTMLReaderTests" */ = {
			isa = XCConfigurationList;
			buildConfigurations = (
				1C9C3EE2176BC53900E982C9 /* Debug */,
				1C9C3EE3176BC53900E982C9 /* Release */,
			);
			defaultConfigurationIsVisible = 0;
			defaultConfigurationName = Release;
		};
/* End XCConfigurationList section */
	};
	rootObject = 1C9C3EB1176BC53800E982C9 /* Project object */;
}
